
Microsoft Visual Studio Solution File, Format Version 12.00
# Visual Studio Version 17
VisualStudioVersion = 17.8.34316.72
MinimumVisualStudioVersion = 10.0.40219.1
Project("{9A19103F-16F7-4668-BE54-9A1E7A4F7556}") = "RestWithASPNETUdemy", "RestWithASPNETUdemy.csproj", "{B652641A-5685-4969-B730-17D4F5B4C5F7}"
EndProject
Project("{FAE04EC0-301F-11D3-BF4B-00C04F79EFBC}") = "RestWithASPNETUdemy.Test", "..\RestWithASPNETUdemy.Test\RestWithASPNETUdemy.Test.csproj", "{1468DD4F-75E5-4514-82A5-D60678EB61A8}"
EndProject
Global
	GlobalSection(SolutionConfigurationPlatforms) = preSolution
		Debug|Any CPU = Debug|Any CPU
		Release|Any CPU = Release|Any CPU
	EndGlobalSection
	GlobalSection(ProjectConfigurationPlatforms) = postSolution
		{B652641A-5685-4969-B730-17D4F5B4C5F7}.Debug|Any CPU.ActiveCfg = Debug|Any CPU
		{B652641A-5685-4969-B730-17D4F5B4C5F7}.Debug|Any CPU.Build.0 = Debug|Any CPU
		{B652641A-5685-4969-B730-17D4F5B4C5F7}.Release|Any CPU.ActiveCfg = Release|Any CPU
		{B652641A-5685-4969-B730-17D4F5B4C5F7}.Release|Any CPU.Build.0 = Release|Any CPU
		{1468DD4F-75E5-4514-82A5-D60678EB61A8}.Debug|Any CPU.ActiveCfg = Debug|Any CPU
		{1468DD4F-75E5-4514-82A5-D60678EB61A8}.Debug|Any CPU.Build.0 = Debug|Any CPU
		{1468DD4F-75E5-4514-82A5-D60678EB61A8}.Release|Any CPU.ActiveCfg = Release|Any CPU
		{1468DD4F-75E5-4514-82A5-D60678EB61A8}.Release|Any CPU.Build.0 = Release|Any CPU
	EndGlobalSection
	GlobalSection(SolutionProperties) = preSolution
		HideSolutionNode = FALSE
	EndGlobalSection
	GlobalSection(ExtensibilityGlobals) = postSolution
		SolutionGuid = {47B1935F-F15D-4BD1-B30D-EC52AEB283D6}
	EndGlobalSection
EndGlobal
